// !$*UTF8*$!
{
	archiveVersion = 1;
	classes = {
	};
	objectVersion = 56;
	objects = {

/* Begin PBXBuildFile section */
		5F25E9902A9889D600668C32 /* NetworkManager.swift in Sources */ = {isa = PBXBuildFile; fileRef = 5F25E98F2A9889D600668C32 /* NetworkManager.swift */; };
		5F25E9962A988CB300668C32 /* PetViewController.swift in Sources */ = {isa = PBXBuildFile; fileRef = 5F25E9952A988CB300668C32 /* PetViewController.swift */; };
		5F25E9982A989B4300668C32 /* NetworkResponseStatus.swift in Sources */ = {isa = PBXBuildFile; fileRef = 5F25E9972A989B4300668C32 /* NetworkResponseStatus.swift */; };
		5F25E99A2A98B1E600668C32 /* Animal.swift in Sources */ = {isa = PBXBuildFile; fileRef = 5F25E9992A98B1E600668C32 /* Animal.swift */; };
		5F6832252A95CE3B008B3EB7 /* MemoCategoryViewController.swift in Sources */ = {isa = PBXBuildFile; fileRef = 5F6832242A95CE3B008B3EB7 /* MemoCategoryViewController.swift */; };
		5F6832272A95D3B5008B3EB7 /* MemoWriteViewController.swift in Sources */ = {isa = PBXBuildFile; fileRef = 5F6832262A95D3B5008B3EB7 /* MemoWriteViewController.swift */; };
		5F6832292A95FCA2008B3EB7 /* Toast.swift in Sources */ = {isa = PBXBuildFile; fileRef = 5F6832282A95FCA2008B3EB7 /* Toast.swift */; };
		5F68322B2A960910008B3EB7 /* NotificationCenter.swift in Sources */ = {isa = PBXBuildFile; fileRef = 5F68322A2A960910008B3EB7 /* NotificationCenter.swift */; };
		5F68322E2A964003008B3EB7 /* UISheetPaperType.swift in Sources */ = {isa = PBXBuildFile; fileRef = 5F68322D2A964003008B3EB7 /* UISheetPaperType.swift */; };
		5F6832302A964022008B3EB7 /* CategoryType.swift in Sources */ = {isa = PBXBuildFile; fileRef = 5F68322F2A964022008B3EB7 /* CategoryType.swift */; };
		5F6832342A964068008B3EB7 /* TextChnageCommitStatus.swift in Sources */ = {isa = PBXBuildFile; fileRef = 5F6832332A964068008B3EB7 /* TextChnageCommitStatus.swift */; };
		5F828CE52A964E70004EBCF0 /* LocalDBManager.swift in Sources */ = {isa = PBXBuildFile; fileRef = 5F828CE42A964E70004EBCF0 /* LocalDBManager.swift */; };
		5F828CE82A9650F3004EBCF0 /* Dummy.swift in Sources */ = {isa = PBXBuildFile; fileRef = 5F828CE72A9650F3004EBCF0 /* Dummy.swift */; };
		5FE03C912A948A180099E297 /* AppDelegate.swift in Sources */ = {isa = PBXBuildFile; fileRef = 5FE03C902A948A180099E297 /* AppDelegate.swift */; };
		5FE03C932A948A180099E297 /* SceneDelegate.swift in Sources */ = {isa = PBXBuildFile; fileRef = 5FE03C922A948A180099E297 /* SceneDelegate.swift */; };
		5FE03CA62A948B4D0099E297 /* Date.swift in Sources */ = {isa = PBXBuildFile; fileRef = 5FE03CA52A948B4D0099E297 /* Date.swift */; };
		5FE03CA82A948B5C0099E297 /* UIViewController.swift in Sources */ = {isa = PBXBuildFile; fileRef = 5FE03CA72A948B5C0099E297 /* UIViewController.swift */; };
		5FE03CAE2A948C700099E297 /* Memo.swift in Sources */ = {isa = PBXBuildFile; fileRef = 5FE03CAD2A948C700099E297 /* Memo.swift */; };
		5FE03CB02A9490960099E297 /* MemoListViewController.swift in Sources */ = {isa = PBXBuildFile; fileRef = 5FE03CAF2A9490960099E297 /* MemoListViewController.swift */; };
		5FE03CB62A9490ED0099E297 /* MemoCompleteViewController.swift in Sources */ = {isa = PBXBuildFile; fileRef = 5FE03CB52A9490ED0099E297 /* MemoCompleteViewController.swift */; };
		5FE03CB82A94911B0099E297 /* MemoHomeViewController.swift in Sources */ = {isa = PBXBuildFile; fileRef = 5FE03CB72A94911B0099E297 /* MemoHomeViewController.swift */; };
		5FE03CC62A94A8A10099E297 /* UIButton.swift in Sources */ = {isa = PBXBuildFile; fileRef = 5FE03CC52A94A8A10099E297 /* UIButton.swift */; };
		5FE03CC82A94CFB50099E297 /* UILabel.swift in Sources */ = {isa = PBXBuildFile; fileRef = 5FE03CC72A94CFB50099E297 /* UILabel.swift */; };
		5FE03CCB2A94ED820099E297 /* TodoListCell.swift in Sources */ = {isa = PBXBuildFile; fileRef = 5FE03CCA2A94ED820099E297 /* TodoListCell.swift */; };
		5FE9555D2A98E81C002B013E /* LaunchScreen.storyboard in Resources */ = {isa = PBXBuildFile; fileRef = 5FE03C9B2A948A190099E297 /* LaunchScreen.storyboard */; };
		5FE9555E2A98E8DB002B013E /* Assets.xcassets in Resources */ = {isa = PBXBuildFile; fileRef = 5FE03C992A948A190099E297 /* Assets.xcassets */; };
		5FE955692A98F0EE002B013E /* SnapKit in Frameworks */ = {isa = PBXBuildFile; productRef = 5FE955682A98F0EE002B013E /* SnapKit */; };
		5FE955952A9902E9002B013E /* NVActivityIndicatorView in Frameworks */ = {isa = PBXBuildFile; productRef = 5FE955942A9902E9002B013E /* NVActivityIndicatorView */; };
		5FF5FCEC2A97935800D9CA8A /* UITableView.swift in Sources */ = {isa = PBXBuildFile; fileRef = 5FF5FCEB2A97935800D9CA8A /* UITableView.swift */; };
/* End PBXBuildFile section */

/* Begin PBXFileReference section */
		5F25E98F2A9889D600668C32 /* NetworkManager.swift */ = {isa = PBXFileReference; lastKnownFileType = sourcecode.swift; path = NetworkManager.swift; sourceTree = "<group>"; };
		5F25E9952A988CB300668C32 /* PetViewController.swift */ = {isa = PBXFileReference; lastKnownFileType = sourcecode.swift; path = PetViewController.swift; sourceTree = "<group>"; };
		5F25E9972A989B4300668C32 /* NetworkResponseStatus.swift */ = {isa = PBXFileReference; lastKnownFileType = sourcecode.swift; path = NetworkResponseStatus.swift; sourceTree = "<group>"; };
		5F25E9992A98B1E600668C32 /* Animal.swift */ = {isa = PBXFileReference; lastKnownFileType = sourcecode.swift; path = Animal.swift; sourceTree = "<group>"; };
		5F6832242A95CE3B008B3EB7 /* MemoCategoryViewController.swift */ = {isa = PBXFileReference; lastKnownFileType = sourcecode.swift; path = MemoCategoryViewController.swift; sourceTree = "<group>"; };
		5F6832262A95D3B5008B3EB7 /* MemoWriteViewController.swift */ = {isa = PBXFileReference; lastKnownFileType = sourcecode.swift; path = MemoWriteViewController.swift; sourceTree = "<group>"; };
		5F6832282A95FCA2008B3EB7 /* Toast.swift */ = {isa = PBXFileReference; lastKnownFileType = sourcecode.swift; path = Toast.swift; sourceTree = "<group>"; };
		5F68322A2A960910008B3EB7 /* NotificationCenter.swift */ = {isa = PBXFileReference; lastKnownFileType = sourcecode.swift; path = NotificationCenter.swift; sourceTree = "<group>"; };
		5F68322D2A964003008B3EB7 /* UISheetPaperType.swift */ = {isa = PBXFileReference; lastKnownFileType = sourcecode.swift; path = UISheetPaperType.swift; sourceTree = "<group>"; };
		5F68322F2A964022008B3EB7 /* CategoryType.swift */ = {isa = PBXFileReference; lastKnownFileType = sourcecode.swift; path = CategoryType.swift; sourceTree = "<group>"; };
		5F6832332A964068008B3EB7 /* TextChnageCommitStatus.swift */ = {isa = PBXFileReference; lastKnownFileType = sourcecode.swift; path = TextChnageCommitStatus.swift; sourceTree = "<group>"; };
		5F828CE42A964E70004EBCF0 /* LocalDBManager.swift */ = {isa = PBXFileReference; lastKnownFileType = sourcecode.swift; path = LocalDBManager.swift; sourceTree = "<group>"; };
		5F828CE72A9650F3004EBCF0 /* Dummy.swift */ = {isa = PBXFileReference; lastKnownFileType = sourcecode.swift; path = Dummy.swift; sourceTree = "<group>"; };
		5FE03C8D2A948A180099E297 /* Memo2.app */ = {isa = PBXFileReference; explicitFileType = wrapper.application; includeInIndex = 0; path = Memo2.app; sourceTree = BUILT_PRODUCTS_DIR; };
		5FE03C902A948A180099E297 /* AppDelegate.swift */ = {isa = PBXFileReference; lastKnownFileType = sourcecode.swift; path = AppDelegate.swift; sourceTree = "<group>"; };
		5FE03C922A948A180099E297 /* SceneDelegate.swift */ = {isa = PBXFileReference; lastKnownFileType = sourcecode.swift; path = SceneDelegate.swift; sourceTree = "<group>"; };
		5FE03C992A948A190099E297 /* Assets.xcassets */ = {isa = PBXFileReference; lastKnownFileType = folder.assetcatalog; path = Assets.xcassets; sourceTree = "<group>"; };
		5FE03C9C2A948A190099E297 /* Base */ = {isa = PBXFileReference; lastKnownFileType = file.storyboard; name = Base; path = Base.lproj/LaunchScreen.storyboard; sourceTree = "<group>"; };
		5FE03C9E2A948A190099E297 /* Info.plist */ = {isa = PBXFileReference; lastKnownFileType = text.plist.xml; path = Info.plist; sourceTree = "<group>"; };
		5FE03CA52A948B4D0099E297 /* Date.swift */ = {isa = PBXFileReference; lastKnownFileType = sourcecode.swift; path = Date.swift; sourceTree = "<group>"; };
		5FE03CA72A948B5C0099E297 /* UIViewController.swift */ = {isa = PBXFileReference; lastKnownFileType = sourcecode.swift; path = UIViewController.swift; sourceTree = "<group>"; };
		5FE03CAD2A948C700099E297 /* Memo.swift */ = {isa = PBXFileReference; lastKnownFileType = sourcecode.swift; path = Memo.swift; sourceTree = "<group>"; };
		5FE03CAF2A9490960099E297 /* MemoListViewController.swift */ = {isa = PBXFileReference; lastKnownFileType = sourcecode.swift; path = MemoListViewController.swift; sourceTree = "<group>"; };
		5FE03CB52A9490ED0099E297 /* MemoCompleteViewController.swift */ = {isa = PBXFileReference; lastKnownFileType = sourcecode.swift; path = MemoCompleteViewController.swift; sourceTree = "<group>"; };
		5FE03CB72A94911B0099E297 /* MemoHomeViewController.swift */ = {isa = PBXFileReference; lastKnownFileType = sourcecode.swift; path = MemoHomeViewController.swift; sourceTree = "<group>"; };
		5FE03CC52A94A8A10099E297 /* UIButton.swift */ = {isa = PBXFileReference; lastKnownFileType = sourcecode.swift; path = UIButton.swift; sourceTree = "<group>"; };
		5FE03CC72A94CFB50099E297 /* UILabel.swift */ = {isa = PBXFileReference; lastKnownFileType = sourcecode.swift; path = UILabel.swift; sourceTree = "<group>"; };
		5FE03CCA2A94ED820099E297 /* TodoListCell.swift */ = {isa = PBXFileReference; lastKnownFileType = sourcecode.swift; path = TodoListCell.swift; sourceTree = "<group>"; };
		5FE9555C2A98E81B002B013E /* en */ = {isa = PBXFileReference; lastKnownFileType = text.plist.strings; name = en; path = en.lproj/LaunchScreen.strings; sourceTree = "<group>"; };
		5FF5FCEB2A97935800D9CA8A /* UITableView.swift */ = {isa = PBXFileReference; lastKnownFileType = sourcecode.swift; path = UITableView.swift; sourceTree = "<group>"; };
/* End PBXFileReference section */

/* Begin PBXFrameworksBuildPhase section */
		5FE03C8A2A948A180099E297 /* Frameworks */ = {
			isa = PBXFrameworksBuildPhase;
			buildActionMask = 2147483647;
			files = (
				5FE955952A9902E9002B013E /* NVActivityIndicatorView in Frameworks */,
				5FE955692A98F0EE002B013E /* SnapKit in Frameworks */,
			);
			runOnlyForDeploymentPostprocessing = 0;
		};
/* End PBXFrameworksBuildPhase section */

/* Begin PBXGroup section */
		5F68322C2A963FC8008B3EB7 /* Enum */ = {
			isa = PBXGroup;
			children = (
				5F68322D2A964003008B3EB7 /* UISheetPaperType.swift */,
				5F68322F2A964022008B3EB7 /* CategoryType.swift */,
				5F6832332A964068008B3EB7 /* TextChnageCommitStatus.swift */,
				5F25E9972A989B4300668C32 /* NetworkResponseStatus.swift */,
			);
			path = Enum;
			sourceTree = "<group>";
		};
		5F828CE32A964E59004EBCF0 /* Service */ = {
			isa = PBXGroup;
			children = (
				5F828CE42A964E70004EBCF0 /* LocalDBManager.swift */,
				5F25E98F2A9889D600668C32 /* NetworkManager.swift */,
			);
			path = Service;
			sourceTree = "<group>";
		};
		5F828CE62A9650E8004EBCF0 /* Global */ = {
			isa = PBXGroup;
			children = (
				5F828CE72A9650F3004EBCF0 /* Dummy.swift */,
			);
			path = Global;
			sourceTree = "<group>";
		};
		5FE03C842A948A180099E297 = {
			isa = PBXGroup;
			children = (
				5FE03C8F2A948A180099E297 /* Memo2 */,
				5FE03C8E2A948A180099E297 /* Products */,
			);
			sourceTree = "<group>";
		};
		5FE03C8E2A948A180099E297 /* Products */ = {
			isa = PBXGroup;
			children = (
				5FE03C8D2A948A180099E297 /* Memo2.app */,
			);
			name = Products;
			sourceTree = "<group>";
		};
		5FE03C8F2A948A180099E297 /* Memo2 */ = {
			isa = PBXGroup;
			children = (
				5F828CE62A9650E8004EBCF0 /* Global */,
				5F828CE32A964E59004EBCF0 /* Service */,
				5FE03CAC2A948BF40099E297 /* EntryDelegate */,
				5FE03CAA2A948BCF0099E297 /* Model */,
				5FE03CA92A948BC10099E297 /* View */,
				5FE03CA42A948B390099E297 /* Extension */,
				5FE03C992A948A190099E297 /* Assets.xcassets */,
				5FE03C9B2A948A190099E297 /* LaunchScreen.storyboard */,
				5FE03C9E2A948A190099E297 /* Info.plist */,
			);
			path = Memo2;
			sourceTree = "<group>";
		};
		5FE03CA42A948B390099E297 /* Extension */ = {
			isa = PBXGroup;
			children = (
				5FE03CA52A948B4D0099E297 /* Date.swift */,
				5FE03CA72A948B5C0099E297 /* UIViewController.swift */,
				5FE03CC52A94A8A10099E297 /* UIButton.swift */,
				5FE03CC72A94CFB50099E297 /* UILabel.swift */,
				5F6832282A95FCA2008B3EB7 /* Toast.swift */,
				5F68322A2A960910008B3EB7 /* NotificationCenter.swift */,
				5FF5FCEB2A97935800D9CA8A /* UITableView.swift */,
			);
			path = Extension;
			sourceTree = "<group>";
		};
		5FE03CA92A948BC10099E297 /* View */ = {
			isa = PBXGroup;
			children = (
				5F68322C2A963FC8008B3EB7 /* Enum */,
				5FE03CC92A94ED710099E297 /* Cell */,
				5FE03CAF2A9490960099E297 /* MemoListViewController.swift */,
				5FE03CB52A9490ED0099E297 /* MemoCompleteViewController.swift */,
				5FE03CB72A94911B0099E297 /* MemoHomeViewController.swift */,
				5F6832242A95CE3B008B3EB7 /* MemoCategoryViewController.swift */,
				5F6832262A95D3B5008B3EB7 /* MemoWriteViewController.swift */,
				5F25E9952A988CB300668C32 /* PetViewController.swift */,
			);
			path = View;
			sourceTree = "<group>";
		};
		5FE03CAA2A948BCF0099E297 /* Model */ = {
			isa = PBXGroup;
			children = (
				5FE03CAD2A948C700099E297 /* Memo.swift */,
				5F25E9992A98B1E600668C32 /* Animal.swift */,
			);
			path = Model;
			sourceTree = "<group>";
		};
		5FE03CAC2A948BF40099E297 /* EntryDelegate */ = {
			isa = PBXGroup;
			children = (
				5FE03C902A948A180099E297 /* AppDelegate.swift */,
				5FE03C922A948A180099E297 /* SceneDelegate.swift */,
			);
			path = EntryDelegate;
			sourceTree = "<group>";
		};
		5FE03CC92A94ED710099E297 /* Cell */ = {
			isa = PBXGroup;
			children = (
				5FE03CCA2A94ED820099E297 /* TodoListCell.swift */,
			);
			path = Cell;
			sourceTree = "<group>";
		};
/* End PBXGroup section */

/* Begin PBXNativeTarget section */
		5FE03C8C2A948A180099E297 /* Memo2 */ = {
			isa = PBXNativeTarget;
			buildConfigurationList = 5FE03CA12A948A190099E297 /* Build configuration list for PBXNativeTarget "Memo2" */;
			buildPhases = (
				5FE03C892A948A180099E297 /* Sources */,
				5FE03C8A2A948A180099E297 /* Frameworks */,
				5FE03C8B2A948A180099E297 /* Resources */,
			);
			buildRules = (
			);
			dependencies = (
			);
			name = Memo2;
			packageProductDependencies = (
				5FE955682A98F0EE002B013E /* SnapKit */,
				5FE955942A9902E9002B013E /* NVActivityIndicatorView */,
			);
			productName = Memo2;
			productReference = 5FE03C8D2A948A180099E297 /* Memo2.app */;
			productType = "com.apple.product-type.application";
		};
/* End PBXNativeTarget section */

/* Begin PBXProject section */
		5FE03C852A948A180099E297 /* Project object */ = {
			isa = PBXProject;
			attributes = {
				BuildIndependentTargetsInParallel = 1;
				LastSwiftUpdateCheck = 1430;
				LastUpgradeCheck = 1430;
				TargetAttributes = {
					5FE03C8C2A948A180099E297 = {
						CreatedOnToolsVersion = 14.3.1;
					};
				};
			};
			buildConfigurationList = 5FE03C882A948A180099E297 /* Build configuration list for PBXProject "Memo2" */;
			compatibilityVersion = "Xcode 14.0";
			developmentRegion = en;
			hasScannedForEncodings = 0;
			knownRegions = (
				en,
				Base,
			);
			mainGroup = 5FE03C842A948A180099E297;
			packageReferences = (
				5FE955672A98F0EE002B013E /* XCRemoteSwiftPackageReference "SnapKit" */,
				5FE955932A9902E9002B013E /* XCRemoteSwiftPackageReference "NVActivityIndicatorView" */,
			);
			productRefGroup = 5FE03C8E2A948A180099E297 /* Products */;
			projectDirPath = "";
			projectRoot = "";
			targets = (
				5FE03C8C2A948A180099E297 /* Memo2 */,
			);
		};
/* End PBXProject section */

/* Begin PBXResourcesBuildPhase section */
		5FE03C8B2A948A180099E297 /* Resources */ = {
			isa = PBXResourcesBuildPhase;
			buildActionMask = 2147483647;
			files = (
				5FE9555E2A98E8DB002B013E /* Assets.xcassets in Resources */,
				5FE9555D2A98E81C002B013E /* LaunchScreen.storyboard in Resources */,
			);
			runOnlyForDeploymentPostprocessing = 0;
		};
/* End PBXResourcesBuildPhase section */

/* Begin PBXSourcesBuildPhase section */
		5FE03C892A948A180099E297 /* Sources */ = {
			isa = PBXSourcesBuildPhase;
			buildActionMask = 2147483647;
			files = (
				5FE03C912A948A180099E297 /* AppDelegate.swift in Sources */,
				5F828CE82A9650F3004EBCF0 /* Dummy.swift in Sources */,
				5F6832292A95FCA2008B3EB7 /* Toast.swift in Sources */,
				5F6832342A964068008B3EB7 /* TextChnageCommitStatus.swift in Sources */,
				5F25E9902A9889D600668C32 /* NetworkManager.swift in Sources */,
				5F6832272A95D3B5008B3EB7 /* MemoWriteViewController.swift in Sources */,
				5F68322B2A960910008B3EB7 /* NotificationCenter.swift in Sources */,
				5FE03C932A948A180099E297 /* SceneDelegate.swift in Sources */,
				5FE03CAE2A948C700099E297 /* Memo.swift in Sources */,
				5F68322E2A964003008B3EB7 /* UISheetPaperType.swift in Sources */,
				5FE03CA62A948B4D0099E297 /* Date.swift in Sources */,
				5F6832252A95CE3B008B3EB7 /* MemoCategoryViewController.swift in Sources */,
				5F828CE52A964E70004EBCF0 /* LocalDBManager.swift in Sources */,
				5F25E9962A988CB300668C32 /* PetViewController.swift in Sources */,
				5FE03CB02A9490960099E297 /* MemoListViewController.swift in Sources */,
				5FE03CA82A948B5C0099E297 /* UIViewController.swift in Sources */,
				5F25E99A2A98B1E600668C32 /* Animal.swift in Sources */,
				5FE03CCB2A94ED820099E297 /* TodoListCell.swift in Sources */,
				5FE03CC62A94A8A10099E297 /* UIButton.swift in Sources */,
				5FE03CB62A9490ED0099E297 /* MemoCompleteViewController.swift in Sources */,
				5FE03CC82A94CFB50099E297 /* UILabel.swift in Sources */,
				5FE03CB82A94911B0099E297 /* MemoHomeViewController.swift in Sources */,
				5F6832302A964022008B3EB7 /* CategoryType.swift in Sources */,
				5FF5FCEC2A97935800D9CA8A /* UITableView.swift in Sources */,
				5F25E9982A989B4300668C32 /* NetworkResponseStatus.swift in Sources */,
			);
			runOnlyForDeploymentPostprocessing = 0;
		};
/* End PBXSourcesBuildPhase section */

/* Begin PBXVariantGroup section */
		5FE03C9B2A948A190099E297 /* LaunchScreen.storyboard */ = {
			isa = PBXVariantGroup;
			children = (
				5FE03C9C2A948A190099E297 /* Base */,
				5FE9555C2A98E81B002B013E /* en */,
			);
			name = LaunchScreen.storyboard;
			sourceTree = "<group>";
		};
/* End PBXVariantGroup section */

/* Begin XCBuildConfiguration section */
		5FE03C9F2A948A190099E297 /* Debug */ = {
			isa = XCBuildConfiguration;
			buildSettings = {
				ALWAYS_SEARCH_USER_PATHS = NO;
				CLANG_ANALYZER_NONNULL = YES;
				CLANG_ANALYZER_NUMBER_OBJECT_CONVERSION = YES_AGGRESSIVE;
				CLANG_CXX_LANGUAGE_STANDARD = "gnu++20";
				CLANG_ENABLE_MODULES = YES;
				CLANG_ENABLE_OBJC_ARC = YES;
				CLANG_ENABLE_OBJC_WEAK = YES;
				CLANG_WARN_BLOCK_CAPTURE_AUTORELEASING = YES;
				CLANG_WARN_BOOL_CONVERSION = YES;
				CLANG_WARN_COMMA = YES;
				CLANG_WARN_CONSTANT_CONVERSION = YES;
				CLANG_WARN_DEPRECATED_OBJC_IMPLEMENTATIONS = YES;
				CLANG_WARN_DIRECT_OBJC_ISA_USAGE = YES_ERROR;
				CLANG_WARN_DOCUMENTATION_COMMENTS = YES;
				CLANG_WARN_EMPTY_BODY = YES;
				CLANG_WARN_ENUM_CONVERSION = YES;
				CLANG_WARN_INFINITE_RECURSION = YES;
				CLANG_WARN_INT_CONVERSION = YES;
				CLANG_WARN_NON_LITERAL_NULL_CONVERSION = YES;
				CLANG_WARN_OBJC_IMPLICIT_RETAIN_SELF = YES;
				CLANG_WARN_OBJC_LITERAL_CONVERSION = YES;
				CLANG_WARN_OBJC_ROOT_CLASS = YES_ERROR;
				CLANG_WARN_QUOTED_INCLUDE_IN_FRAMEWORK_HEADER = YES;
				CLANG_WARN_RANGE_LOOP_ANALYSIS = YES;
				CLANG_WARN_STRICT_PROTOTYPES = YES;
				CLANG_WARN_SUSPICIOUS_MOVE = YES;
				CLANG_WARN_UNGUARDED_AVAILABILITY = YES_AGGRESSIVE;
				CLANG_WARN_UNREACHABLE_CODE = YES;
				CLANG_WARN__DUPLICATE_METHOD_MATCH = YES;
				COPY_PHASE_STRIP = NO;
				DEBUG_INFORMATION_FORMAT = dwarf;
				ENABLE_STRICT_OBJC_MSGSEND = YES;
				ENABLE_TESTABILITY = YES;
				GCC_C_LANGUAGE_STANDARD = gnu11;
				GCC_DYNAMIC_NO_PIC = NO;
				GCC_NO_COMMON_BLOCKS = YES;
				GCC_OPTIMIZATION_LEVEL = 0;
				GCC_PREPROCESSOR_DEFINITIONS = (
					"DEBUG=1",
					"$(inherited)",
				);
				GCC_WARN_64_TO_32_BIT_CONVERSION = YES;
				GCC_WARN_ABOUT_RETURN_TYPE = YES_ERROR;
				GCC_WARN_UNDECLARED_SELECTOR = YES;
				GCC_WARN_UNINITIALIZED_AUTOS = YES_AGGRESSIVE;
				GCC_WARN_UNUSED_FUNCTION = YES;
				GCC_WARN_UNUSED_VARIABLE = YES;
				IPHONEOS_DEPLOYMENT_TARGET = 16.4;
				MTL_ENABLE_DEBUG_INFO = INCLUDE_SOURCE;
				MTL_FAST_MATH = YES;
				ONLY_ACTIVE_ARCH = YES;
				SDKROOT = iphoneos;
				SWIFT_ACTIVE_COMPILATION_CONDITIONS = DEBUG;
				SWIFT_OPTIMIZATION_LEVEL = "-Onone";
			};
			name = Debug;
		};
		5FE03CA02A948A190099E297 /* Release */ = {
			isa = XCBuildConfiguration;
			buildSettings = {
				ALWAYS_SEARCH_USER_PATHS = NO;
				CLANG_ANALYZER_NONNULL = YES;
				CLANG_ANALYZER_NUMBER_OBJECT_CONVERSION = YES_AGGRESSIVE;
				CLANG_CXX_LANGUAGE_STANDARD = "gnu++20";
				CLANG_ENABLE_MODULES = YES;
				CLANG_ENABLE_OBJC_ARC = YES;
				CLANG_ENABLE_OBJC_WEAK = YES;
				CLANG_WARN_BLOCK_CAPTURE_AUTORELEASING = YES;
				CLANG_WARN_BOOL_CONVERSION = YES;
				CLANG_WARN_COMMA = YES;
				CLANG_WARN_CONSTANT_CONVERSION = YES;
				CLANG_WARN_DEPRECATED_OBJC_IMPLEMENTATIONS = YES;
				CLANG_WARN_DIRECT_OBJC_ISA_USAGE = YES_ERROR;
				CLANG_WARN_DOCUMENTATION_COMMENTS = YES;
				CLANG_WARN_EMPTY_BODY = YES;
				CLANG_WARN_ENUM_CONVERSION = YES;
				CLANG_WARN_INFINITE_RECURSION = YES;
				CLANG_WARN_INT_CONVERSION = YES;
				CLANG_WARN_NON_LITERAL_NULL_CONVERSION = YES;
				CLANG_WARN_OBJC_IMPLICIT_RETAIN_SELF = YES;
				CLANG_WARN_OBJC_LITERAL_CONVERSION = YES;
				CLANG_WARN_OBJC_ROOT_CLASS = YES_ERROR;
				CLANG_WARN_QUOTED_INCLUDE_IN_FRAMEWORK_HEADER = YES;
				CLANG_WARN_RANGE_LOOP_ANALYSIS = YES;
				CLANG_WARN_STRICT_PROTOTYPES = YES;
				CLANG_WARN_SUSPICIOUS_MOVE = YES;
				CLANG_WARN_UNGUARDED_AVAILABILITY = YES_AGGRESSIVE;
				CLANG_WARN_UNREACHABLE_CODE = YES;
				CLANG_WARN__DUPLICATE_METHOD_MATCH = YES;
				COPY_PHASE_STRIP = NO;
				DEBUG_INFORMATION_FORMAT = "dwarf-with-dsym";
				ENABLE_NS_ASSERTIONS = NO;
				ENABLE_STRICT_OBJC_MSGSEND = YES;
				GCC_C_LANGUAGE_STANDARD = gnu11;
				GCC_NO_COMMON_BLOCKS = YES;
				GCC_WARN_64_TO_32_BIT_CONVERSION = YES;
				GCC_WARN_ABOUT_RETURN_TYPE = YES_ERROR;
				GCC_WARN_UNDECLARED_SELECTOR = YES;
				GCC_WARN_UNINITIALIZED_AUTOS = YES_AGGRESSIVE;
				GCC_WARN_UNUSED_FUNCTION = YES;
				GCC_WARN_UNUSED_VARIABLE = YES;
				IPHONEOS_DEPLOYMENT_TARGET = 16.4;
				MTL_ENABLE_DEBUG_INFO = NO;
				MTL_FAST_MATH = YES;
				SDKROOT = iphoneos;
				SWIFT_COMPILATION_MODE = wholemodule;
				SWIFT_OPTIMIZATION_LEVEL = "-O";
				VALIDATE_PRODUCT = YES;
			};
			name = Release;
		};
		5FE03CA22A948A190099E297 /* Debug */ = {
			isa = XCBuildConfiguration;
			buildSettings = {
				ASSETCATALOG_COMPILER_APPICON_NAME = AppIcon;
				ASSETCATALOG_COMPILER_GLOBAL_ACCENT_COLOR_NAME = AccentColor;
				CODE_SIGN_STYLE = Automatic;
				CURRENT_PROJECT_VERSION = 1;
				GENERATE_INFOPLIST_FILE = YES;
				INFOPLIST_FILE = Memo2/Info.plist;
				INFOPLIST_KEY_UIApplicationSupportsIndirectInputEvents = YES;
				INFOPLIST_KEY_UILaunchStoryboardName = LaunchScreen;
				INFOPLIST_KEY_UISupportedInterfaceOrientations_iPad = "UIInterfaceOrientationPortrait UIInterfaceOrientationPortraitUpsideDown UIInterfaceOrientationLandscapeLeft UIInterfaceOrientationLandscapeRight";
				INFOPLIST_KEY_UISupportedInterfaceOrientations_iPhone = "UIInterfaceOrientationPortrait UIInterfaceOrientationLandscapeLeft UIInterfaceOrientationLandscapeRight";
				IPHONEOS_DEPLOYMENT_TARGET = 16.4;
				LD_RUNPATH_SEARCH_PATHS = (
					"$(inherited)",
					"@executable_path/Frameworks",
				);
				MARKETING_VERSION = 1.0;
				PRODUCT_BUNDLE_IDENTIFIER = "-.Memo2";
				PRODUCT_NAME = "$(TARGET_NAME)";
				SWIFT_EMIT_LOC_STRINGS = YES;
				SWIFT_VERSION = 5.0;
				TARGETED_DEVICE_FAMILY = "1,2";
			};
			name = Debug;
		};
		5FE03CA32A948A190099E297 /* Release */ = {
			isa = XCBuildConfiguration;
			buildSettings = {
				ASSETCATALOG_COMPILER_APPICON_NAME = AppIcon;
				ASSETCATALOG_COMPILER_GLOBAL_ACCENT_COLOR_NAME = AccentColor;
				CODE_SIGN_STYLE = Automatic;
				CURRENT_PROJECT_VERSION = 1;
				GENERATE_INFOPLIST_FILE = YES;
				INFOPLIST_FILE = Memo2/Info.plist;
				INFOPLIST_KEY_UIApplicationSupportsIndirectInputEvents = YES;
				INFOPLIST_KEY_UILaunchStoryboardName = LaunchScreen;
				INFOPLIST_KEY_UISupportedInterfaceOrientations_iPad = "UIInterfaceOrientationPortrait UIInterfaceOrientationPortraitUpsideDown UIInterfaceOrientationLandscapeLeft UIInterfaceOrientationLandscapeRight";
				INFOPLIST_KEY_UISupportedInterfaceOrientations_iPhone = "UIInterfaceOrientationPortrait UIInterfaceOrientationLandscapeLeft UIInterfaceOrientationLandscapeRight";
				IPHONEOS_DEPLOYMENT_TARGET = 16.4;
				LD_RUNPATH_SEARCH_PATHS = (
					"$(inherited)",
					"@executable_path/Frameworks",
				);
				MARKETING_VERSION = 1.0;
				PRODUCT_BUNDLE_IDENTIFIER = "-.Memo2";
				PRODUCT_NAME = "$(TARGET_NAME)";
				SWIFT_EMIT_LOC_STRINGS = YES;
				SWIFT_VERSION = 5.0;
				TARGETED_DEVICE_FAMILY = "1,2";
			};
			name = Release;
		};
/* End XCBuildConfiguration section */

/* Begin XCConfigurationList section */
		5FE03C882A948A180099E297 /* Build configuration list for PBXProject "Memo2" */ = {
			isa = XCConfigurationList;
			buildConfigurations = (
				5FE03C9F2A948A190099E297 /* Debug */,
				5FE03CA02A948A190099E297 /* Release */,
			);
			defaultConfigurationIsVisible = 0;
			defaultConfigurationName = Debug;
		};
		5FE03CA12A948A190099E297 /* Build configuration list for PBXNativeTarget "Memo2" */ = {
			isa = XCConfigurationList;
			buildConfigurations = (
				5FE03CA22A948A190099E297 /* Debug */,
				5FE03CA32A948A190099E297 /* Release */,
			);
			defaultConfigurationIsVisible = 0;
			defaultConfigurationName = Debug;
		};
/* End XCConfigurationList section */

/* Begin XCRemoteSwiftPackageReference section */
		5FE955672A98F0EE002B013E /* XCRemoteSwiftPackageReference "SnapKit" */ = {
			isa = XCRemoteSwiftPackageReference;
			repositoryURL = "https://github.com/SnapKit/SnapKit.git";
			requirement = {
				kind = upToNextMajorVersion;
				minimumVersion = 5.0.0;
			};
		};
		5FE955932A9902E9002B013E /* XCRemoteSwiftPackageReference "NVActivityIndicatorView" */ = {
			isa = XCRemoteSwiftPackageReference;
			repositoryURL = "https://github.com/ninjaprox/NVActivityIndicatorView";
			requirement = {
				kind = upToNextMajorVersion;
				minimumVersion = 5.0.0;
			};
		};
/* End XCRemoteSwiftPackageReference section */

/* Begin XCSwiftPackageProductDependency section */
		5FE955682A98F0EE002B013E /* SnapKit */ = {
			isa = XCSwiftPackageProductDependency;
			package = 5FE955672A98F0EE002B013E /* XCRemoteSwiftPackageReference "SnapKit" */;
			productName = SnapKit;
		};
		5FE955942A9902E9002B013E /* NVActivityIndicatorView */ = {
			isa = XCSwiftPackageProductDependency;
			package = 5FE955932A9902E9002B013E /* XCRemoteSwiftPackageReference "NVActivityIndicatorView" */;
			productName = NVActivityIndicatorView;
		};
/* End XCSwiftPackageProductDependency section */
	};
	rootObject = 5FE03C852A948A180099E297 /* Project object */;
}
